// !$*UTF8*$!
{
	archiveVersion = 1;
	classes = {
	};
	objectVersion = 46;
	objects = {

/* Begin PBXBuildFile section */
		A315CD7317B2041B00DEA6D2 /* Cocoa.framework in Frameworks */ = {isa = PBXBuildFile; fileRef = A315CD7217B2041B00DEA6D2 /* Cocoa.framework */; };
		A315CD7D17B2041B00DEA6D2 /* InfoPlist.strings in Resources */ = {isa = PBXBuildFile; fileRef = A315CD7B17B2041B00DEA6D2 /* InfoPlist.strings */; };
		A315CD7F17B2041B00DEA6D2 /* main.m in Sources */ = {isa = PBXBuildFile; fileRef = A315CD7E17B2041B00DEA6D2 /* main.m */; };
		A315CD8317B2041B00DEA6D2 /* Credits.rtf in Resources */ = {isa = PBXBuildFile; fileRef = A315CD8117B2041B00DEA6D2 /* Credits.rtf */; };
		A315CD8617B2041B00DEA6D2 /* SpaceJunkAppDelegate.m in Sources */ = {isa = PBXBuildFile; fileRef = A315CD8517B2041B00DEA6D2 /* SpaceJunkAppDelegate.m */; };
		A315CD8917B2041B00DEA6D2 /* MainMenu.xib in Resources */ = {isa = PBXBuildFile; fileRef = A315CD8717B2041B00DEA6D2 /* MainMenu.xib */; };
		A315CD8B17B2041B00DEA6D2 /* Images.xcassets in Resources */ = {isa = PBXBuildFile; fileRef = A315CD8A17B2041B00DEA6D2 /* Images.xcassets */; };
		A315CD9217B2041B00DEA6D2 /* XCTest.framework in Frameworks */ = {isa = PBXBuildFile; fileRef = A315CD9117B2041B00DEA6D2 /* XCTest.framework */; };
		A315CD9317B2041B00DEA6D2 /* Cocoa.framework in Frameworks */ = {isa = PBXBuildFile; fileRef = A315CD7217B2041B00DEA6D2 /* Cocoa.framework */; };
		A315CD9B17B2041B00DEA6D2 /* InfoPlist.strings in Resources */ = {isa = PBXBuildFile; fileRef = A315CD9917B2041B00DEA6D2 /* InfoPlist.strings */; };
		A315CD9D17B2041B00DEA6D2 /* SpaceJunkTests.m in Sources */ = {isa = PBXBuildFile; fileRef = A315CD9C17B2041B00DEA6D2 /* SpaceJunkTests.m */; };
		A317B51817B21A6000416550 /* environment.mm in Sources */ = {isa = PBXBuildFile; fileRef = A3A86D5F17B2127700426EEC /* environment.mm */; };
		A317B51A17B21AF400416550 /* libv8_base.x64.a in Frameworks */ = {isa = PBXBuildFile; fileRef = A317B51917B21AF400416550 /* libv8_base.x64.a */; };
		A317B51C17B222EF00416550 /* log.c in Sources */ = {isa = PBXBuildFile; fileRef = A3A86D6217B2127700426EEC /* log.c */; };
		A317B52017B2237000416550 /* solidQuad.fsh in Resources */ = {isa = PBXBuildFile; fileRef = A317B51E17B2235E00416550 /* solidQuad.fsh */; };
		A317B52117B2237000416550 /* solidQuad.vsh in Resources */ = {isa = PBXBuildFile; fileRef = A317B51F17B2235E00416550 /* solidQuad.vsh */; };
		A3A86D4D17B2124800426EEC /* SpaceJunkGLView.mm in Sources */ = {isa = PBXBuildFile; fileRef = A3A86D4C17B210C300426EEC /* SpaceJunkGLView.mm */; };
		A3A86D8D17B2128900426EEC /* OpenGL.framework in Frameworks */ = {isa = PBXBuildFile; fileRef = A3A86D8C17B2128900426EEC /* OpenGL.framework */; };
		A3A86D9317B2139C00426EEC /* QuartzCore.framework in Frameworks */ = {isa = PBXBuildFile; fileRef = A3A86D9217B2139C00426EEC /* QuartzCore.framework */; };
		A3A86D9417B2144F00426EEC /* engine.cpp in Sources */ = {isa = PBXBuildFile; fileRef = A3A86D5C17B2127700426EEC /* engine.cpp */; };
		A3A86D9517B2144F00426EEC /* file.cpp in Sources */ = {isa = PBXBuildFile; fileRef = A3A86D6017B2127700426EEC /* file.cpp */; };
		A3A86D9617B2144F00426EEC /* hud.cpp in Sources */ = {isa = PBXBuildFile; fileRef = A3A86D6617B2127700426EEC /* hud.cpp */; };
		A3A86D9717B2144F00426EEC /* color.cpp in Sources */ = {isa = PBXBuildFile; fileRef = A3A86D6917B2127700426EEC /* color.cpp */; };
		A3A86D9817B2144F00426EEC /* colorRectLayer.cpp in Sources */ = {isa = PBXBuildFile; fileRef = A3A86D6B17B2127700426EEC /* colorRectLayer.cpp */; };
		A3A86D9917B2144F00426EEC /* geometry.cpp in Sources */ = {isa = PBXBuildFile; fileRef = A3A86D6D17B2127700426EEC /* geometry.cpp */; };
		A3A86D9A17B2144F00426EEC /* glutil.cpp in Sources */ = {isa = PBXBuildFile; fileRef = A3A86D6F17B2127700426EEC /* glutil.cpp */; };
		A3A86D9B17B2144F00426EEC /* quadLayer.cpp in Sources */ = {isa = PBXBuildFile; fileRef = A3A86D7117B2127700426EEC /* quadLayer.cpp */; };
		A3A86D9C17B2144F00426EEC /* rectLayer.cpp in Sources */ = {isa = PBXBuildFile; fileRef = A3A86D7317B2127700426EEC /* rectLayer.cpp */; };
		A3A86D9D17B2144F00426EEC /* renderer.cpp in Sources */ = {isa = PBXBuildFile; fileRef = A3A86D7517B2127700426EEC /* renderer.cpp */; };
		A3A86D9E17B2144F00426EEC /* shader.cpp in Sources */ = {isa = PBXBuildFile; fileRef = A3A86D7717B2127700426EEC /* shader.cpp */; };
		A3A86D9F17B2144F00426EEC /* shaderFormats.cpp in Sources */ = {isa = PBXBuildFile; fileRef = A3A86D7917B2127700426EEC /* shaderFormats.cpp */; };
		A3A86DA017B2144F00426EEC /* shaderManager.cpp in Sources */ = {isa = PBXBuildFile; fileRef = A3A86D7B17B2127700426EEC /* shaderManager.cpp */; };
		A3A86DA117B2144F00426EEC /* triangleBuffer.cpp in Sources */ = {isa = PBXBuildFile; fileRef = A3A86D7D17B2127700426EEC /* triangleBuffer.cpp */; };
		A3A86DA217B2144F00426EEC /* vertexFormats.cpp in Sources */ = {isa = PBXBuildFile; fileRef = A3A86D7F17B2127700426EEC /* vertexFormats.cpp */; };
		A3A86DA317B2144F00426EEC /* colorRectUILayer.cpp in Sources */ = {isa = PBXBuildFile; fileRef = A3A86D8217B2127700426EEC /* colorRectUILayer.cpp */; };
		A3A86DA417B2144F00426EEC /* uiColorRectElement.cpp in Sources */ = {isa = PBXBuildFile; fileRef = A3A86D8417B2127700426EEC /* uiColorRectElement.cpp */; };
		A3A86DA517B2144F00426EEC /* uiElement.cpp in Sources */ = {isa = PBXBuildFile; fileRef = A3A86D8617B2127700426EEC /* uiElement.cpp */; };
		A3A86DA617B2144F00426EEC /* uiLayer.cpp in Sources */ = {isa = PBXBuildFile; fileRef = A3A86D8817B2127700426EEC /* uiLayer.cpp */; };
		A3A86DA717B2144F00426EEC /* uiManager.cpp in Sources */ = {isa = PBXBuildFile; fileRef = A3A86D8A17B2127700426EEC /* uiManager.cpp */; };
		A3A86DA917B214E200426EEC /* libv8_snapshot.a in Frameworks */ = {isa = PBXBuildFile; fileRef = A3A86DA817B214E200426EEC /* libv8_snapshot.a */; };
		A3A86DAB17B214F400426EEC /* libpthread.dylib in Frameworks */ = {isa = PBXBuildFile; fileRef = A3A86DAA17B214F400426EEC /* libpthread.dylib */; };
/* End PBXBuildFile section */

/* Begin PBXContainerItemProxy section */
		A315CD9417B2041B00DEA6D2 /* PBXContainerItemProxy */ = {
			isa = PBXContainerItemProxy;
			containerPortal = A315CD6717B2041B00DEA6D2 /* Project object */;
			proxyType = 1;
			remoteGlobalIDString = A315CD6E17B2041B00DEA6D2;
			remoteInfo = SpaceJunk;
		};
/* End PBXContainerItemProxy section */

/* Begin PBXFileReference section */
		A315CD6F17B2041B00DEA6D2 /* SpaceJunk.app */ = {isa = PBXFileReference; explicitFileType = wrapper.application; includeInIndex = 0; path = SpaceJunk.app; sourceTree = BUILT_PRODUCTS_DIR; };
		A315CD7217B2041B00DEA6D2 /* Cocoa.framework */ = {isa = PBXFileReference; lastKnownFileType = wrapper.framework; name = Cocoa.framework; path = System/Library/Frameworks/Cocoa.framework; sourceTree = SDKROOT; };
		A315CD7517B2041B00DEA6D2 /* AppKit.framework */ = {isa = PBXFileReference; lastKnownFileType = wrapper.framework; name = AppKit.framework; path = System/Library/Frameworks/AppKit.framework; sourceTree = SDKROOT; };
		A315CD7617B2041B00DEA6D2 /* CoreData.framework */ = {isa = PBXFileReference; lastKnownFileType = wrapper.framework; name = CoreData.framework; path = System/Library/Frameworks/CoreData.framework; sourceTree = SDKROOT; };
		A315CD7717B2041B00DEA6D2 /* Foundation.framework */ = {isa = PBXFileReference; lastKnownFileType = wrapper.framework; name = Foundation.framework; path = System/Library/Frameworks/Foundation.framework; sourceTree = SDKROOT; };
		A315CD7A17B2041B00DEA6D2 /* SpaceJunk-Info.plist */ = {isa = PBXFileReference; lastKnownFileType = text.plist.xml; path = "SpaceJunk-Info.plist"; sourceTree = "<group>"; };
		A315CD7C17B2041B00DEA6D2 /* en */ = {isa = PBXFileReference; lastKnownFileType = text.plist.strings; name = en; path = en.lproj/InfoPlist.strings; sourceTree = "<group>"; };
		A315CD7E17B2041B00DEA6D2 /* main.m */ = {isa = PBXFileReference; lastKnownFileType = sourcecode.c.objc; path = main.m; sourceTree = "<group>"; };
		A315CD8017B2041B00DEA6D2 /* SpaceJunk-Prefix.pch */ = {isa = PBXFileReference; lastKnownFileType = sourcecode.c.h; path = "SpaceJunk-Prefix.pch"; sourceTree = "<group>"; };
		A315CD8217B2041B00DEA6D2 /* en */ = {isa = PBXFileReference; lastKnownFileType = text.rtf; name = en; path = en.lproj/Credits.rtf; sourceTree = "<group>"; };
		A315CD8417B2041B00DEA6D2 /* SpaceJunkAppDelegate.h */ = {isa = PBXFileReference; lastKnownFileType = sourcecode.c.h; path = SpaceJunkAppDelegate.h; sourceTree = "<group>"; };
		A315CD8517B2041B00DEA6D2 /* SpaceJunkAppDelegate.m */ = {isa = PBXFileReference; lastKnownFileType = sourcecode.c.objc; path = SpaceJunkAppDelegate.m; sourceTree = "<group>"; };
		A315CD8817B2041B00DEA6D2 /* Base */ = {isa = PBXFileReference; lastKnownFileType = file.xib; name = Base; path = Base.lproj/MainMenu.xib; sourceTree = "<group>"; };
		A315CD8A17B2041B00DEA6D2 /* Images.xcassets */ = {isa = PBXFileReference; lastKnownFileType = folder.assetcatalog; path = Images.xcassets; sourceTree = "<group>"; };
		A315CD9017B2041B00DEA6D2 /* SpaceJunkTests.xctest */ = {isa = PBXFileReference; explicitFileType = wrapper.cfbundle; includeInIndex = 0; path = SpaceJunkTests.xctest; sourceTree = BUILT_PRODUCTS_DIR; };
		A315CD9117B2041B00DEA6D2 /* XCTest.framework */ = {isa = PBXFileReference; lastKnownFileType = wrapper.framework; name = XCTest.framework; path = Library/Frameworks/XCTest.framework; sourceTree = DEVELOPER_DIR; };
		A315CD9817B2041B00DEA6D2 /* SpaceJunkTests-Info.plist */ = {isa = PBXFileReference; lastKnownFileType = text.plist.xml; path = "SpaceJunkTests-Info.plist"; sourceTree = "<group>"; };
		A315CD9A17B2041B00DEA6D2 /* en */ = {isa = PBXFileReference; lastKnownFileType = text.plist.strings; name = en; path = en.lproj/InfoPlist.strings; sourceTree = "<group>"; };
		A315CD9C17B2041B00DEA6D2 /* SpaceJunkTests.m */ = {isa = PBXFileReference; lastKnownFileType = sourcecode.c.objc; path = SpaceJunkTests.m; sourceTree = "<group>"; };
		A317B51917B21AF400416550 /* libv8_base.x64.a */ = {isa = PBXFileReference; lastKnownFileType = archive.ar; name = libv8_base.x64.a; path = "../v8-build/native/libv8_base.x64.a"; sourceTree = "<group>"; };
		A317B51E17B2235E00416550 /* solidQuad.fsh */ = {isa = PBXFileReference; lastKnownFileType = sourcecode.glsl; path = solidQuad.fsh; sourceTree = "<group>"; };
		A317B51F17B2235E00416550 /* solidQuad.vsh */ = {isa = PBXFileReference; lastKnownFileType = sourcecode.glsl; path = solidQuad.vsh; sourceTree = "<group>"; };
		A3A86D4B17B210C300426EEC /* SpaceJunkGLView.h */ = {isa = PBXFileReference; lastKnownFileType = sourcecode.c.h; path = SpaceJunkGLView.h; sourceTree = "<group>"; };
		A3A86D4C17B210C300426EEC /* SpaceJunkGLView.mm */ = {isa = PBXFileReference; lastKnownFileType = sourcecode.cpp.objcpp; path = SpaceJunkGLView.mm; sourceTree = "<group>"; };
		A3A86D5B17B2127700426EEC /* easingFunctions.h */ = {isa = PBXFileReference; lastKnownFileType = sourcecode.c.h; path = easingFunctions.h; sourceTree = "<group>"; };
		A3A86D5C17B2127700426EEC /* engine.cpp */ = {isa = PBXFileReference; lastKnownFileType = sourcecode.cpp.cpp; path = engine.cpp; sourceTree = "<group>"; };
		A3A86D5D17B2127700426EEC /* engine.h */ = {isa = PBXFileReference; lastKnownFileType = sourcecode.c.h; path = engine.h; sourceTree = "<group>"; };
		A3A86D5E17B2127700426EEC /* environment.h */ = {isa = PBXFileReference; lastKnownFileType = sourcecode.c.h; path = environment.h; sourceTree = "<group>"; };
		A3A86D5F17B2127700426EEC /* environment.mm */ = {isa = PBXFileReference; lastKnownFileType = sourcecode.cpp.objcpp; path = environment.mm; sourceTree = "<group>"; };
		A3A86D6017B2127700426EEC /* file.cpp */ = {isa = PBXFileReference; lastKnownFileType = sourcecode.cpp.cpp; path = file.cpp; sourceTree = "<group>"; };
		A3A86D6117B2127700426EEC /* file.h */ = {isa = PBXFileReference; lastKnownFileType = sourcecode.c.h; path = file.h; sourceTree = "<group>"; };
		A3A86D6217B2127700426EEC /* log.c */ = {isa = PBXFileReference; lastKnownFileType = sourcecode.c.c; path = log.c; sourceTree = "<group>"; };
		A3A86D6317B2127700426EEC /* log.h */ = {isa = PBXFileReference; lastKnownFileType = sourcecode.c.h; path = log.h; sourceTree = "<group>"; };
		A3A86D6417B2127700426EEC /* version.h */ = {isa = PBXFileReference; lastKnownFileType = sourcecode.c.h; path = version.h; sourceTree = "<group>"; };
		A3A86D6617B2127700426EEC /* hud.cpp */ = {isa = PBXFileReference; lastKnownFileType = sourcecode.cpp.cpp; path = hud.cpp; sourceTree = "<group>"; };
		A3A86D6717B2127700426EEC /* hud.h */ = {isa = PBXFileReference; lastKnownFileType = sourcecode.c.h; path = hud.h; sourceTree = "<group>"; };
		A3A86D6917B2127700426EEC /* color.cpp */ = {isa = PBXFileReference; lastKnownFileType = sourcecode.cpp.cpp; path = color.cpp; sourceTree = "<group>"; };
		A3A86D6A17B2127700426EEC /* color.h */ = {isa = PBXFileReference; lastKnownFileType = sourcecode.c.h; path = color.h; sourceTree = "<group>"; };
		A3A86D6B17B2127700426EEC /* colorRectLayer.cpp */ = {isa = PBXFileReference; lastKnownFileType = sourcecode.cpp.cpp; path = colorRectLayer.cpp; sourceTree = "<group>"; };
		A3A86D6C17B2127700426EEC /* colorRectLayer.h */ = {isa = PBXFileReference; lastKnownFileType = sourcecode.c.h; path = colorRectLayer.h; sourceTree = "<group>"; };
		A3A86D6D17B2127700426EEC /* geometry.cpp */ = {isa = PBXFileReference; lastKnownFileType = sourcecode.cpp.cpp; path = geometry.cpp; sourceTree = "<group>"; };
		A3A86D6E17B2127700426EEC /* geometry.h */ = {isa = PBXFileReference; lastKnownFileType = sourcecode.c.h; path = geometry.h; sourceTree = "<group>"; };
		A3A86D6F17B2127700426EEC /* glutil.cpp */ = {isa = PBXFileReference; lastKnownFileType = sourcecode.cpp.cpp; path = glutil.cpp; sourceTree = "<group>"; };
		A3A86D7017B2127700426EEC /* glutil.h */ = {isa = PBXFileReference; lastKnownFileType = sourcecode.c.h; path = glutil.h; sourceTree = "<group>"; };
		A3A86D7117B2127700426EEC /* quadLayer.cpp */ = {isa = PBXFileReference; lastKnownFileType = sourcecode.cpp.cpp; path = quadLayer.cpp; sourceTree = "<group>"; };
		A3A86D7217B2127700426EEC /* quadLayer.h */ = {isa = PBXFileReference; lastKnownFileType = sourcecode.c.h; path = quadLayer.h; sourceTree = "<group>"; };
		A3A86D7317B2127700426EEC /* rectLayer.cpp */ = {isa = PBXFileReference; lastKnownFileType = sourcecode.cpp.cpp; path = rectLayer.cpp; sourceTree = "<group>"; };
		A3A86D7417B2127700426EEC /* rectLayer.h */ = {isa = PBXFileReference; lastKnownFileType = sourcecode.c.h; path = rectLayer.h; sourceTree = "<group>"; };
		A3A86D7517B2127700426EEC /* renderer.cpp */ = {isa = PBXFileReference; lastKnownFileType = sourcecode.cpp.cpp; path = renderer.cpp; sourceTree = "<group>"; };
		A3A86D7617B2127700426EEC /* renderer.h */ = {isa = PBXFileReference; lastKnownFileType = sourcecode.c.h; path = renderer.h; sourceTree = "<group>"; };
		A3A86D7717B2127700426EEC /* shader.cpp */ = {isa = PBXFileReference; lastKnownFileType = sourcecode.cpp.cpp; path = shader.cpp; sourceTree = "<group>"; };
		A3A86D7817B2127700426EEC /* shader.h */ = {isa = PBXFileReference; lastKnownFileType = sourcecode.c.h; path = shader.h; sourceTree = "<group>"; };
		A3A86D7917B2127700426EEC /* shaderFormats.cpp */ = {isa = PBXFileReference; lastKnownFileType = sourcecode.cpp.cpp; path = shaderFormats.cpp; sourceTree = "<group>"; };
		A3A86D7A17B2127700426EEC /* shaderFormats.h */ = {isa = PBXFileReference; lastKnownFileType = sourcecode.c.h; path = shaderFormats.h; sourceTree = "<group>"; };
		A3A86D7B17B2127700426EEC /* shaderManager.cpp */ = {isa = PBXFileReference; lastKnownFileType = sourcecode.cpp.cpp; path = shaderManager.cpp; sourceTree = "<group>"; };
		A3A86D7C17B2127700426EEC /* shaderManager.h */ = {isa = PBXFileReference; lastKnownFileType = sourcecode.c.h; path = shaderManager.h; sourceTree = "<group>"; };
		A3A86D7D17B2127700426EEC /* triangleBuffer.cpp */ = {isa = PBXFileReference; lastKnownFileType = sourcecode.cpp.cpp; path = triangleBuffer.cpp; sourceTree = "<group>"; };
		A3A86D7E17B2127700426EEC /* triangleBuffer.h */ = {isa = PBXFileReference; lastKnownFileType = sourcecode.c.h; path = triangleBuffer.h; sourceTree = "<group>"; };
		A3A86D7F17B2127700426EEC /* vertexFormats.cpp */ = {isa = PBXFileReference; lastKnownFileType = sourcecode.cpp.cpp; path = vertexFormats.cpp; sourceTree = "<group>"; };
		A3A86D8017B2127700426EEC /* vertexFormats.h */ = {isa = PBXFileReference; lastKnownFileType = sourcecode.c.h; path = vertexFormats.h; sourceTree = "<group>"; };
		A3A86D8217B2127700426EEC /* colorRectUILayer.cpp */ = {isa = PBXFileReference; lastKnownFileType = sourcecode.cpp.cpp; path = colorRectUILayer.cpp; sourceTree = "<group>"; };
		A3A86D8317B2127700426EEC /* colorRectUILayer.h */ = {isa = PBXFileReference; lastKnownFileType = sourcecode.c.h; path = colorRectUILayer.h; sourceTree = "<group>"; };
		A3A86D8417B2127700426EEC /* uiColorRectElement.cpp */ = {isa = PBXFileReference; lastKnownFileType = sourcecode.cpp.cpp; path = uiColorRectElement.cpp; sourceTree = "<group>"; };
		A3A86D8517B2127700426EEC /* uiColorRectElement.h */ = {isa = PBXFileReference; lastKnownFileType = sourcecode.c.h; path = uiColorRectElement.h; sourceTree = "<group>"; };
		A3A86D8617B2127700426EEC /* uiElement.cpp */ = {isa = PBXFileReference; lastKnownFileType = sourcecode.cpp.cpp; path = uiElement.cpp; sourceTree = "<group>"; };
		A3A86D8717B2127700426EEC /* uiElement.h */ = {isa = PBXFileReference; lastKnownFileType = sourcecode.c.h; path = uiElement.h; sourceTree = "<group>"; };
		A3A86D8817B2127700426EEC /* uiLayer.cpp */ = {isa = PBXFileReference; lastKnownFileType = sourcecode.cpp.cpp; path = uiLayer.cpp; sourceTree = "<group>"; };
		A3A86D8917B2127700426EEC /* uiLayer.h */ = {isa = PBXFileReference; lastKnownFileType = sourcecode.c.h; path = uiLayer.h; sourceTree = "<group>"; };
		A3A86D8A17B2127700426EEC /* uiManager.cpp */ = {isa = PBXFileReference; lastKnownFileType = sourcecode.cpp.cpp; path = uiManager.cpp; sourceTree = "<group>"; };
		A3A86D8B17B2127700426EEC /* uiManager.h */ = {isa = PBXFileReference; lastKnownFileType = sourcecode.c.h; path = uiManager.h; sourceTree = "<group>"; };
		A3A86D8C17B2128900426EEC /* OpenGL.framework */ = {isa = PBXFileReference; lastKnownFileType = wrapper.framework; name = OpenGL.framework; path = System/Library/Frameworks/OpenGL.framework; sourceTree = SDKROOT; };
		A3A86D9217B2139C00426EEC /* QuartzCore.framework */ = {isa = PBXFileReference; lastKnownFileType = wrapper.framework; name = QuartzCore.framework; path = System/Library/Frameworks/QuartzCore.framework; sourceTree = SDKROOT; };
		A3A86DA817B214E200426EEC /* libv8_snapshot.a */ = {isa = PBXFileReference; lastKnownFileType = archive.ar; name = libv8_snapshot.a; path = "../v8-build/native/libv8_snapshot.a"; sourceTree = "<group>"; };
		A3A86DAA17B214F400426EEC /* libpthread.dylib */ = {isa = PBXFileReference; lastKnownFileType = "compiled.mach-o.dylib"; name = libpthread.dylib; path = usr/lib/libpthread.dylib; sourceTree = SDKROOT; };
		A3A86DAC17B2152F00426EEC /* v8.h */ = {isa = PBXFileReference; lastKnownFileType = sourcecode.c.h; name = v8.h; path = ../../v8/include/v8.h; sourceTree = "<group>"; };
/* End PBXFileReference section */

/* Begin PBXFrameworksBuildPhase section */
		A315CD6C17B2041B00DEA6D2 /* Frameworks */ = {
			isa = PBXFrameworksBuildPhase;
			buildActionMask = 2147483647;
			files = (
				A317B51A17B21AF400416550 /* libv8_base.x64.a in Frameworks */,
				A3A86DAB17B214F400426EEC /* libpthread.dylib in Frameworks */,
				A3A86DA917B214E200426EEC /* libv8_snapshot.a in Frameworks */,
				A3A86D9317B2139C00426EEC /* QuartzCore.framework in Frameworks */,
				A3A86D8D17B2128900426EEC /* OpenGL.framework in Frameworks */,
				A315CD7317B2041B00DEA6D2 /* Cocoa.framework in Frameworks */,
			);
			runOnlyForDeploymentPostprocessing = 0;
		};
		A315CD8D17B2041B00DEA6D2 /* Frameworks */ = {
			isa = PBXFrameworksBuildPhase;
			buildActionMask = 2147483647;
			files = (
				A315CD9317B2041B00DEA6D2 /* Cocoa.framework in Frameworks */,
				A315CD9217B2041B00DEA6D2 /* XCTest.framework in Frameworks */,
			);
			runOnlyForDeploymentPostprocessing = 0;
		};
/* End PBXFrameworksBuildPhase section */

/* Begin PBXGroup section */
		A315CD6617B2041B00DEA6D2 = {
			isa = PBXGroup;
			children = (
				A315CD7817B2041B00DEA6D2 /* SpaceJunk */,
				A315CD9617B2041B00DEA6D2 /* SpaceJunkTests */,
				A315CD7117B2041B00DEA6D2 /* Frameworks */,
				A315CD7017B2041B00DEA6D2 /* Products */,
			);
			sourceTree = "<group>";
		};
		A315CD7017B2041B00DEA6D2 /* Products */ = {
			isa = PBXGroup;
			children = (
				A315CD6F17B2041B00DEA6D2 /* SpaceJunk.app */,
				A315CD9017B2041B00DEA6D2 /* SpaceJunkTests.xctest */,
			);
			name = Products;
			sourceTree = "<group>";
		};
		A315CD7117B2041B00DEA6D2 /* Frameworks */ = {
			isa = PBXGroup;
			children = (
				A317B51917B21AF400416550 /* libv8_base.x64.a */,
				A3A86DAA17B214F400426EEC /* libpthread.dylib */,
				A3A86DA817B214E200426EEC /* libv8_snapshot.a */,
				A3A86D9217B2139C00426EEC /* QuartzCore.framework */,
				A3A86D8C17B2128900426EEC /* OpenGL.framework */,
				A315CD7217B2041B00DEA6D2 /* Cocoa.framework */,
				A315CD9117B2041B00DEA6D2 /* XCTest.framework */,
				A315CD7417B2041B00DEA6D2 /* Other Frameworks */,
			);
			name = Frameworks;
			sourceTree = "<group>";
		};
		A315CD7417B2041B00DEA6D2 /* Other Frameworks */ = {
			isa = PBXGroup;
			children = (
				A315CD7517B2041B00DEA6D2 /* AppKit.framework */,
				A315CD7617B2041B00DEA6D2 /* CoreData.framework */,
				A315CD7717B2041B00DEA6D2 /* Foundation.framework */,
			);
			name = "Other Frameworks";
			sourceTree = "<group>";
		};
		A315CD7817B2041B00DEA6D2 /* SpaceJunk */ = {
			isa = PBXGroup;
			children = (
				A317B51D17B2235E00416550 /* shader */,
				A3A86DAC17B2152F00426EEC /* v8.h */,
				A3A86D5A17B2127700426EEC /* engine */,
				A3A86D6517B2127700426EEC /* game */,
				A3A86D6817B2127700426EEC /* gl */,
				A3A86D8117B2127700426EEC /* ui */,
				A3A86D4B17B210C300426EEC /* SpaceJunkGLView.h */,
				A3A86D4C17B210C300426EEC /* SpaceJunkGLView.mm */,
				A315CD8417B2041B00DEA6D2 /* SpaceJunkAppDelegate.h */,
				A315CD8517B2041B00DEA6D2 /* SpaceJunkAppDelegate.m */,
				A315CD8717B2041B00DEA6D2 /* MainMenu.xib */,
				A315CD8A17B2041B00DEA6D2 /* Images.xcassets */,
				A315CD7917B2041B00DEA6D2 /* Supporting Files */,
			);
			path = SpaceJunk;
			sourceTree = "<group>";
		};
		A315CD7917B2041B00DEA6D2 /* Supporting Files */ = {
			isa = PBXGroup;
			children = (
				A315CD7A17B2041B00DEA6D2 /* SpaceJunk-Info.plist */,
				A315CD7B17B2041B00DEA6D2 /* InfoPlist.strings */,
				A315CD7E17B2041B00DEA6D2 /* main.m */,
				A315CD8017B2041B00DEA6D2 /* SpaceJunk-Prefix.pch */,
				A315CD8117B2041B00DEA6D2 /* Credits.rtf */,
			);
			name = "Supporting Files";
			sourceTree = "<group>";
		};
		A315CD9617B2041B00DEA6D2 /* SpaceJunkTests */ = {
			isa = PBXGroup;
			children = (
				A315CD9C17B2041B00DEA6D2 /* SpaceJunkTests.m */,
				A315CD9717B2041B00DEA6D2 /* Supporting Files */,
			);
			path = SpaceJunkTests;
			sourceTree = "<group>";
		};
		A315CD9717B2041B00DEA6D2 /* Supporting Files */ = {
			isa = PBXGroup;
			children = (
				A315CD9817B2041B00DEA6D2 /* SpaceJunkTests-Info.plist */,
				A315CD9917B2041B00DEA6D2 /* InfoPlist.strings */,
			);
			name = "Supporting Files";
			sourceTree = "<group>";
		};
		A317B51D17B2235E00416550 /* shader */ = {
			isa = PBXGroup;
			children = (
				A317B51E17B2235E00416550 /* solidQuad.fsh */,
				A317B51F17B2235E00416550 /* solidQuad.vsh */,
			);
			name = shader;
			path = ../../shader;
			sourceTree = "<group>";
		};
		A3A86D5A17B2127700426EEC /* engine */ = {
			isa = PBXGroup;
			children = (
				A3A86D5B17B2127700426EEC /* easingFunctions.h */,
				A3A86D5C17B2127700426EEC /* engine.cpp */,
				A3A86D5D17B2127700426EEC /* engine.h */,
				A3A86D5E17B2127700426EEC /* environment.h */,
				A3A86D5F17B2127700426EEC /* environment.mm */,
				A3A86D6017B2127700426EEC /* file.cpp */,
				A3A86D6117B2127700426EEC /* file.h */,
				A3A86D6217B2127700426EEC /* log.c */,
				A3A86D6317B2127700426EEC /* log.h */,
				A3A86D6417B2127700426EEC /* version.h */,
			);
			name = engine;
			path = ../../src/engine;
			sourceTree = "<group>";
		};
		A3A86D6517B2127700426EEC /* game */ = {
			isa = PBXGroup;
			children = (
				A3A86D6617B2127700426EEC /* hud.cpp */,
				A3A86D6717B2127700426EEC /* hud.h */,
			);
			name = game;
			path = ../../src/game;
			sourceTree = "<group>";
		};
		A3A86D6817B2127700426EEC /* gl */ = {
			isa = PBXGroup;
			children = (
				A3A86D6917B2127700426EEC /* color.cpp */,
				A3A86D6A17B2127700426EEC /* color.h */,
				A3A86D6B17B2127700426EEC /* colorRectLayer.cpp */,
				A3A86D6C17B2127700426EEC /* colorRectLayer.h */,
				A3A86D6D17B2127700426EEC /* geometry.cpp */,
				A3A86D6E17B2127700426EEC /* geometry.h */,
				A3A86D6F17B2127700426EEC /* glutil.cpp */,
				A3A86D7017B2127700426EEC /* glutil.h */,
				A3A86D7117B2127700426EEC /* quadLayer.cpp */,
				A3A86D7217B2127700426EEC /* quadLayer.h */,
				A3A86D7317B2127700426EEC /* rectLayer.cpp */,
				A3A86D7417B2127700426EEC /* rectLayer.h */,
				A3A86D7517B2127700426EEC /* renderer.cpp */,
				A3A86D7617B2127700426EEC /* renderer.h */,
				A3A86D7717B2127700426EEC /* shader.cpp */,
				A3A86D7817B2127700426EEC /* shader.h */,
				A3A86D7917B2127700426EEC /* shaderFormats.cpp */,
				A3A86D7A17B2127700426EEC /* shaderFormats.h */,
				A3A86D7B17B2127700426EEC /* shaderManager.cpp */,
				A3A86D7C17B2127700426EEC /* shaderManager.h */,
				A3A86D7D17B2127700426EEC /* triangleBuffer.cpp */,
				A3A86D7E17B2127700426EEC /* triangleBuffer.h */,
				A3A86D7F17B2127700426EEC /* vertexFormats.cpp */,
				A3A86D8017B2127700426EEC /* vertexFormats.h */,
			);
			name = gl;
			path = ../../src/gl;
			sourceTree = "<group>";
		};
		A3A86D8117B2127700426EEC /* ui */ = {
			isa = PBXGroup;
			children = (
				A3A86D8217B2127700426EEC /* colorRectUILayer.cpp */,
				A3A86D8317B2127700426EEC /* colorRectUILayer.h */,
				A3A86D8417B2127700426EEC /* uiColorRectElement.cpp */,
				A3A86D8517B2127700426EEC /* uiColorRectElement.h */,
				A3A86D8617B2127700426EEC /* uiElement.cpp */,
				A3A86D8717B2127700426EEC /* uiElement.h */,
				A3A86D8817B2127700426EEC /* uiLayer.cpp */,
				A3A86D8917B2127700426EEC /* uiLayer.h */,
				A3A86D8A17B2127700426EEC /* uiManager.cpp */,
				A3A86D8B17B2127700426EEC /* uiManager.h */,
			);
			name = ui;
			path = ../../src/ui;
			sourceTree = "<group>";
		};
/* End PBXGroup section */

/* Begin PBXNativeTarget section */
		A315CD6E17B2041B00DEA6D2 /* SpaceJunk */ = {
			isa = PBXNativeTarget;
			buildConfigurationList = A315CDA017B2041B00DEA6D2 /* Build configuration list for PBXNativeTarget "SpaceJunk" */;
			buildPhases = (
				A315CD6B17B2041B00DEA6D2 /* Sources */,
				A315CD6C17B2041B00DEA6D2 /* Frameworks */,
				A315CD6D17B2041B00DEA6D2 /* Resources */,
			);
			buildRules = (
			);
			dependencies = (
			);
			name = SpaceJunk;
			productName = SpaceJunk;
			productReference = A315CD6F17B2041B00DEA6D2 /* SpaceJunk.app */;
			productType = "com.apple.product-type.application";
		};
		A315CD8F17B2041B00DEA6D2 /* SpaceJunkTests */ = {
			isa = PBXNativeTarget;
			buildConfigurationList = A315CDA317B2041B00DEA6D2 /* Build configuration list for PBXNativeTarget "SpaceJunkTests" */;
			buildPhases = (
				A315CD8C17B2041B00DEA6D2 /* Sources */,
				A315CD8D17B2041B00DEA6D2 /* Frameworks */,
				A315CD8E17B2041B00DEA6D2 /* Resources */,
			);
			buildRules = (
			);
			dependencies = (
				A315CD9517B2041B00DEA6D2 /* PBXTargetDependency */,
			);
			name = SpaceJunkTests;
			productName = SpaceJunkTests;
			productReference = A315CD9017B2041B00DEA6D2 /* SpaceJunkTests.xctest */;
			productType = "com.apple.product-type.bundle.unit-test";
		};
/* End PBXNativeTarget section */

/* Begin PBXProject section */
		A315CD6717B2041B00DEA6D2 /* Project object */ = {
			isa = PBXProject;
			attributes = {
				CLASSPREFIX = SpaceJunk;
				LastUpgradeCheck = 0500;
				ORGANIZATIONNAME = ixtli;
				TargetAttributes = {
					A315CD8F17B2041B00DEA6D2 = {
						TestTargetID = A315CD6E17B2041B00DEA6D2;
					};
				};
			};
			buildConfigurationList = A315CD6A17B2041B00DEA6D2 /* Build configuration list for PBXProject "SpaceJunk" */;
			compatibilityVersion = "Xcode 3.2";
			developmentRegion = English;
			hasScannedForEncodings = 0;
			knownRegions = (
				en,
				Base,
			);
			mainGroup = A315CD6617B2041B00DEA6D2;
			productRefGroup = A315CD7017B2041B00DEA6D2 /* Products */;
			projectDirPath = "";
			projectRoot = "";
			targets = (
				A315CD6E17B2041B00DEA6D2 /* SpaceJunk */,
				A315CD8F17B2041B00DEA6D2 /* SpaceJunkTests */,
			);
		};
/* End PBXProject section */

/* Begin PBXResourcesBuildPhase section */
		A315CD6D17B2041B00DEA6D2 /* Resources */ = {
			isa = PBXResourcesBuildPhase;
			buildActionMask = 2147483647;
			files = (
				A317B52017B2237000416550 /* solidQuad.fsh in Resources */,
				A317B52117B2237000416550 /* solidQuad.vsh in Resources */,
				A315CD7D17B2041B00DEA6D2 /* InfoPlist.strings in Resources */,
				A315CD8B17B2041B00DEA6D2 /* Images.xcassets in Resources */,
				A315CD8317B2041B00DEA6D2 /* Credits.rtf in Resources */,
				A315CD8917B2041B00DEA6D2 /* MainMenu.xib in Resources */,
			);
			runOnlyForDeploymentPostprocessing = 0;
		};
		A315CD8E17B2041B00DEA6D2 /* Resources */ = {
			isa = PBXResourcesBuildPhase;
			buildActionMask = 2147483647;
			files = (
				A315CD9B17B2041B00DEA6D2 /* InfoPlist.strings in Resources */,
			);
			runOnlyForDeploymentPostprocessing = 0;
		};
/* End PBXResourcesBuildPhase section */

/* Begin PBXSourcesBuildPhase section */
		A315CD6B17B2041B00DEA6D2 /* Sources */ = {
			isa = PBXSourcesBuildPhase;
			buildActionMask = 2147483647;
			files = (
				A317B51C17B222EF00416550 /* log.c in Sources */,
				A317B51817B21A6000416550 /* environment.mm in Sources */,
				A3A86D9417B2144F00426EEC /* engine.cpp in Sources */,
				A3A86D9517B2144F00426EEC /* file.cpp in Sources */,
				A3A86D9617B2144F00426EEC /* hud.cpp in Sources */,
				A3A86D9717B2144F00426EEC /* color.cpp in Sources */,
				A3A86D9817B2144F00426EEC /* colorRectLayer.cpp in Sources */,
				A3A86D9917B2144F00426EEC /* geometry.cpp in Sources */,
				A3A86D9A17B2144F00426EEC /* glutil.cpp in Sources */,
				A3A86D9B17B2144F00426EEC /* quadLayer.cpp in Sources */,
				A3A86D9C17B2144F00426EEC /* rectLayer.cpp in Sources */,
				A3A86D9D17B2144F00426EEC /* renderer.cpp in Sources */,
				A3A86D9E17B2144F00426EEC /* shader.cpp in Sources */,
				A3A86D9F17B2144F00426EEC /* shaderFormats.cpp in Sources */,
				A3A86DA017B2144F00426EEC /* shaderManager.cpp in Sources */,
				A3A86DA117B2144F00426EEC /* triangleBuffer.cpp in Sources */,
				A3A86DA217B2144F00426EEC /* vertexFormats.cpp in Sources */,
				A3A86DA317B2144F00426EEC /* colorRectUILayer.cpp in Sources */,
				A3A86DA417B2144F00426EEC /* uiColorRectElement.cpp in Sources */,
				A3A86DA517B2144F00426EEC /* uiElement.cpp in Sources */,
				A3A86DA617B2144F00426EEC /* uiLayer.cpp in Sources */,
				A3A86DA717B2144F00426EEC /* uiManager.cpp in Sources */,
				A3A86D4D17B2124800426EEC /* SpaceJunkGLView.mm in Sources */,
				A315CD7F17B2041B00DEA6D2 /* main.m in Sources */,
				A315CD8617B2041B00DEA6D2 /* SpaceJunkAppDelegate.m in Sources */,
			);
			runOnlyForDeploymentPostprocessing = 0;
		};
		A315CD8C17B2041B00DEA6D2 /* Sources */ = {
			isa = PBXSourcesBuildPhase;
			buildActionMask = 2147483647;
			files = (
				A315CD9D17B2041B00DEA6D2 /* SpaceJunkTests.m in Sources */,
			);
			runOnlyForDeploymentPostprocessing = 0;
		};
/* End PBXSourcesBuildPhase section */

/* Begin PBXTargetDependency section */
		A315CD9517B2041B00DEA6D2 /* PBXTargetDependency */ = {
			isa = PBXTargetDependency;
			target = A315CD6E17B2041B00DEA6D2 /* SpaceJunk */;
			targetProxy = A315CD9417B2041B00DEA6D2 /* PBXContainerItemProxy */;
		};
/* End PBXTargetDependency section */

/* Begin PBXVariantGroup section */
		A315CD7B17B2041B00DEA6D2 /* InfoPlist.strings */ = {
			isa = PBXVariantGroup;
			children = (
				A315CD7C17B2041B00DEA6D2 /* en */,
			);
			name = InfoPlist.strings;
			sourceTree = "<group>";
		};
		A315CD8117B2041B00DEA6D2 /* Credits.rtf */ = {
			isa = PBXVariantGroup;
			children = (
				A315CD8217B2041B00DEA6D2 /* en */,
			);
			name = Credits.rtf;
			sourceTree = "<group>";
		};
		A315CD8717B2041B00DEA6D2 /* MainMenu.xib */ = {
			isa = PBXVariantGroup;
			children = (
				A315CD8817B2041B00DEA6D2 /* Base */,
			);
			name = MainMenu.xib;
			sourceTree = "<group>";
		};
		A315CD9917B2041B00DEA6D2 /* InfoPlist.strings */ = {
			isa = PBXVariantGroup;
			children = (
				A315CD9A17B2041B00DEA6D2 /* en */,
			);
			name = InfoPlist.strings;
			sourceTree = "<group>";
		};
/* End PBXVariantGroup section */

/* Begin XCBuildConfiguration section */
		A315CD9E17B2041B00DEA6D2 /* Debug */ = {
			isa = XCBuildConfiguration;
			buildSettings = {
				ALWAYS_SEARCH_USER_PATHS = NO;
				CLANG_CXX_LANGUAGE_STANDARD = "gnu++0x";
				CLANG_CXX_LIBRARY = "libc++";
				CLANG_ENABLE_MODULES = YES;
				CLANG_ENABLE_OBJC_ARC = YES;
				CLANG_WARN_BOOL_CONVERSION = YES;
				CLANG_WARN_CONSTANT_CONVERSION = YES;
				CLANG_WARN_DIRECT_OBJC_ISA_USAGE = YES_ERROR;
				CLANG_WARN_EMPTY_BODY = YES;
				CLANG_WARN_ENUM_CONVERSION = YES;
				CLANG_WARN_INT_CONVERSION = YES;
				CLANG_WARN_OBJC_ROOT_CLASS = YES_ERROR;
				CLANG_WARN__DUPLICATE_METHOD_MATCH = YES;
				COPY_PHASE_STRIP = NO;
				GCC_C_LANGUAGE_STANDARD = gnu99;
				GCC_DYNAMIC_NO_PIC = NO;
				GCC_ENABLE_OBJC_EXCEPTIONS = YES;
				GCC_OPTIMIZATION_LEVEL = 0;
				GCC_PREPROCESSOR_DEFINITIONS = (
					"DEBUG=1",
					"$(inherited)",
				);
				GCC_SYMBOLS_PRIVATE_EXTERN = NO;
				GCC_WARN_64_TO_32_BIT_CONVERSION = YES;
				GCC_WARN_ABOUT_RETURN_TYPE = YES_ERROR;
				GCC_WARN_UNDECLARED_SELECTOR = YES;
				GCC_WARN_UNINITIALIZED_AUTOS = YES;
				GCC_WARN_UNUSED_FUNCTION = YES;
				GCC_WARN_UNUSED_VARIABLE = YES;
				MACOSX_DEPLOYMENT_TARGET = 10.8;
				ONLY_ACTIVE_ARCH = YES;
				SDKROOT = macosx;
			};
			name = Debug;
		};
		A315CD9F17B2041B00DEA6D2 /* Release */ = {
			isa = XCBuildConfiguration;
			buildSettings = {
				ALWAYS_SEARCH_USER_PATHS = NO;
				CLANG_CXX_LANGUAGE_STANDARD = "gnu++0x";
				CLANG_CXX_LIBRARY = "libc++";
				CLANG_ENABLE_MODULES = YES;
				CLANG_ENABLE_OBJC_ARC = YES;
				CLANG_WARN_BOOL_CONVERSION = YES;
				CLANG_WARN_CONSTANT_CONVERSION = YES;
				CLANG_WARN_DIRECT_OBJC_ISA_USAGE = YES_ERROR;
				CLANG_WARN_EMPTY_BODY = YES;
				CLANG_WARN_ENUM_CONVERSION = YES;
				CLANG_WARN_INT_CONVERSION = YES;
				CLANG_WARN_OBJC_ROOT_CLASS = YES_ERROR;
				CLANG_WARN__DUPLICATE_METHOD_MATCH = YES;
				COPY_PHASE_STRIP = YES;
				DEBUG_INFORMATION_FORMAT = "dwarf-with-dsym";
				ENABLE_NS_ASSERTIONS = NO;
				GCC_C_LANGUAGE_STANDARD = gnu99;
				GCC_ENABLE_OBJC_EXCEPTIONS = YES;
				GCC_WARN_64_TO_32_BIT_CONVERSION = YES;
				GCC_WARN_ABOUT_RETURN_TYPE = YES_ERROR;
				GCC_WARN_UNDECLARED_SELECTOR = YES;
				GCC_WARN_UNINITIALIZED_AUTOS = YES;
				GCC_WARN_UNUSED_FUNCTION = YES;
				GCC_WARN_UNUSED_VARIABLE = YES;
				MACOSX_DEPLOYMENT_TARGET = 10.8;
				SDKROOT = macosx;
			};
			name = Release;
		};
		A315CDA117B2041B00DEA6D2 /* Debug */ = {
			isa = XCBuildConfiguration;
			buildSettings = {
				ASSETCATALOG_COMPILER_APPICON_NAME = AppIcon;
				CLANG_ANALYZER_SECURITY_FLOATLOOPCOUNTER = NO;
				CLANG_STATIC_ANALYZER_MODE = deep;
				CLANG_WARN_SUSPICIOUS_IMPLICIT_CONVERSION = YES;
				COMBINE_HIDPI_IMAGES = YES;
				GCC_PRECOMPILE_PREFIX_HEADER = YES;
				GCC_PREFIX_HEADER = "SpaceJunk/SpaceJunk-Prefix.pch";
				GCC_WARN_ABOUT_MISSING_FIELD_INITIALIZERS = YES;
				GCC_WARN_ABOUT_MISSING_NEWLINE = YES;
				GCC_WARN_ABOUT_MISSING_PROTOTYPES = YES;
				GCC_WARN_SHADOW = YES;
				GCC_WARN_SIGN_COMPARE = NO;
				GCC_WARN_UNUSED_LABEL = YES;
				INFOPLIST_FILE = "SpaceJunk/SpaceJunk-Info.plist";
				LIBRARY_SEARCH_PATHS = (
					"$(inherited)",
					"/Users/ixtli/Public/Project/cpp/space-junk/v8-build/native",
				);
				PRODUCT_NAME = "$(TARGET_NAME)";
				RUN_CLANG_STATIC_ANALYZER = YES;
				WRAPPER_EXTENSION = app;
			};
			name = Debug;
		};
		A315CDA217B2041B00DEA6D2 /* Release */ = {
			isa = XCBuildConfiguration;
			buildSettings = {
				ASSETCATALOG_COMPILER_APPICON_NAME = AppIcon;
				CLANG_ANALYZER_SECURITY_FLOATLOOPCOUNTER = NO;
				CLANG_STATIC_ANALYZER_MODE = deep;
				CLANG_WARN_SUSPICIOUS_IMPLICIT_CONVERSION = YES;
				COMBINE_HIDPI_IMAGES = YES;
				GCC_PRECOMPILE_PREFIX_HEADER = YES;
				GCC_PREFIX_HEADER = "SpaceJunk/SpaceJunk-Prefix.pch";
				GCC_WARN_ABOUT_MISSING_FIELD_INITIALIZERS = YES;
				GCC_WARN_ABOUT_MISSING_NEWLINE = YES;
				GCC_WARN_ABOUT_MISSING_PROTOTYPES = YES;
				GCC_WARN_SHADOW = YES;
				GCC_WARN_SIGN_COMPARE = NO;
				GCC_WARN_UNUSED_LABEL = YES;
				INFOPLIST_FILE = "SpaceJunk/SpaceJunk-Info.plist";
				LIBRARY_SEARCH_PATHS = (
					"$(inherited)",
					"/Users/ixtli/Public/Project/cpp/space-junk/v8-build/native",
				);
				PRODUCT_NAME = "$(TARGET_NAME)";
				RUN_CLANG_STATIC_ANALYZER = YES;
				WRAPPER_EXTENSION = app;
			};
			name = Release;
		};
		A315CDA417B2041B00DEA6D2 /* Debug */ = {
			isa = XCBuildConfiguration;
			buildSettings = {
				BUNDLE_LOADER = "$(BUILT_PRODUCTS_DIR)/SpaceJunk.app/Contents/MacOS/SpaceJunk";
				COMBINE_HIDPI_IMAGES = YES;
				FRAMEWORK_SEARCH_PATHS = (
					"$(DEVELOPER_FRAMEWORKS_DIR)",
					"$(inherited)",
				);
				GCC_PRECOMPILE_PREFIX_HEADER = YES;
				GCC_PREFIX_HEADER = "SpaceJunk/SpaceJunk-Prefix.pch";
				GCC_PREPROCESSOR_DEFINITIONS = (
					"DEBUG=1",
					"$(inherited)",
				);
				INFOPLIST_FILE = "SpaceJunkTests/SpaceJunkTests-Info.plist";
				PRODUCT_NAME = "$(TARGET_NAME)";
				TEST_HOST = "$(BUNDLE_LOADER)";
				WRAPPER_EXTENSION = xctest;
			};
			name = Debug;
		};
		A315CDA517B2041B00DEA6D2 /* Release */ = {
			isa = XCBuildConfiguration;
			buildSettings = {
				BUNDLE_LOADER = "$(BUILT_PRODUCTS_DIR)/SpaceJunk.app/Contents/MacOS/SpaceJunk";
				COMBINE_HIDPI_IMAGES = YES;
				FRAMEWORK_SEARCH_PATHS = (
					"$(DEVELOPER_FRAMEWORKS_DIR)",
					"$(inherited)",
				);
				GCC_PRECOMPILE_PREFIX_HEADER = YES;
				GCC_PREFIX_HEADER = "SpaceJunk/SpaceJunk-Prefix.pch";
				INFOPLIST_FILE = "SpaceJunkTests/SpaceJunkTests-Info.plist";
				PRODUCT_NAME = "$(TARGET_NAME)";
				TEST_HOST = "$(BUNDLE_LOADER)";
				WRAPPER_EXTENSION = xctest;
			};
			name = Release;
		};
/* End XCBuildConfiguration section */

/* Begin XCConfigurationList section */
		A315CD6A17B2041B00DEA6D2 /* Build configuration list for PBXProject "SpaceJunk" */ = {
			isa = XCConfigurationList;
			buildConfigurations = (
				A315CD9E17B2041B00DEA6D2 /* Debug */,
				A315CD9F17B2041B00DEA6D2 /* Release */,
			);
			defaultConfigurationIsVisible = 0;
			defaultConfigurationName = Release;
		};
		A315CDA017B2041B00DEA6D2 /* Build configuration list for PBXNativeTarget "SpaceJunk" */ = {
			isa = XCConfigurationList;
			buildConfigurations = (
				A315CDA117B2041B00DEA6D2 /* Debug */,
				A315CDA217B2041B00DEA6D2 /* Release */,
			);
			defaultConfigurationIsVisible = 0;
			defaultConfigurationName = Release;
		};
		A315CDA317B2041B00DEA6D2 /* Build configuration list for PBXNativeTarget "SpaceJunkTests" */ = {
			isa = XCConfigurationList;
			buildConfigurations = (
				A315CDA417B2041B00DEA6D2 /* Debug */,
				A315CDA517B2041B00DEA6D2 /* Release */,
			);
			defaultConfigurationIsVisible = 0;
			defaultConfigurationName = Release;
		};
/* End XCConfigurationList section */
	};
	rootObject = A315CD6717B2041B00DEA6D2 /* Project object */;
}
